
Microsoft Visual Studio Solution File, Format Version 12.00
# Visual Studio Version 17
VisualStudioVersion = 17.11.35222.181
MinimumVisualStudioVersion = 10.0.40219.1
Project("{9A19103F-16F7-4668-BE54-9A1E7A4F7556}") = "App", "App\App.csproj", "{3BE5206D-A97E-49D3-BD12-4878483B69F8}"
EndProject
Project("{9A19103F-16F7-4668-BE54-9A1E7A4F7556}") = "Generator", "Generator\Generator.csproj", "{01AF9876-515A-4008-9373-76F995BCDD0D}"
EndProject
Global
	GlobalSection(SolutionConfigurationPlatforms) = preSolution
		Debug|Any CPU = Debug|Any CPU
		Release|Any CPU = Release|Any CPU
	EndGlobalSection
	GlobalSection(ProjectConfigurationPlatforms) = postSolution
		{3BE5206D-A97E-49D3-BD12-4878483B69F8}.Debug|Any CPU.ActiveCfg = Debug|Any CPU
		{3BE5206D-A97E-49D3-BD12-4878483B69F8}.Debug|Any CPU.Build.0 = Debug|Any CPU
		{3BE5206D-A97E-49D3-BD12-4878483B69F8}.Release|Any CPU.ActiveCfg = Release|Any CPU
		{3BE5206D-A97E-49D3-BD12-4878483B69F8}.Release|Any CPU.Build.0 = Release|Any CPU
		{01AF9876-515A-4008-9373-76F995BCDD0D}.Debug|Any CPU.ActiveCfg = Debug|Any CPU
		{01AF9876-515A-4008-9373-76F995BCDD0D}.Debug|Any CPU.Build.0 = Debug|Any CPU
		{01AF9876-515A-4008-9373-76F995BCDD0D}.Release|Any CPU.ActiveCfg = Release|Any CPU
		{01AF9876-515A-4008-9373-76F995BCDD0D}.Release|Any CPU.Build.0 = Release|Any CPU
	EndGlobalSection
	GlobalSection(SolutionProperties) = preSolution
		HideSolutionNode = FALSE
	EndGlobalSection
	GlobalSection(ExtensibilityGlobals) = postSolution
		SolutionGuid = {A84B8F20-A555-496A-8F89-539B05700130}
	EndGlobalSection
EndGlobal
